
Microsoft Visual Studio Solution File, Format Version 12.00
# Visual Studio Version 17
VisualStudioVersion = 17.3.32922.545
MinimumVisualStudioVersion = 10.0.40219.1
Project("{FAE04EC0-301F-11D3-BF4B-00C04F79EFBC}") = "GameChooser", "GameChooser\GameChooser.csproj", "{F756902F-3E67-45DC-BA0F-0A071D34B4F1}"
EndProject
Global
	GlobalSection(SolutionConfigurationPlatforms) = preSolution
		Debug|Any CPU = Debug|Any CPU
		Release|Any CPU = Release|Any CPU
	EndGlobalSection
	GlobalSection(ProjectConfigurationPlatforms) = postSolution
		{F756902F-3E67-45DC-BA0F-0A071D34B4F1}.Debug|Any CPU.ActiveCfg = Debug|Any CPU
		{F756902F-3E67-45DC-BA0F-0A071D34B4F1}.Debug|Any CPU.Build.0 = Debug|Any CPU
		{F756902F-3E67-45DC-BA0F-0A071D34B4F1}.Release|Any CPU.ActiveCfg = Release|Any CPU
		{F756902F-3E67-45DC-BA0F-0A071D34B4F1}.Release|Any CPU.Build.0 = Release|Any CPU
	EndGlobalSection
	GlobalSection(SolutionProperties) = preSolution
		HideSolutionNode = FALSE
	EndGlobalSection
	GlobalSection(ExtensibilityGlobals) = postSolution
		SolutionGuid = {BD036A6E-CA3C-4838-90F0-5821AF715181}
	EndGlobalSection
EndGlobal
